
Microsoft Visual Studio Solution File, Format Version 12.00
# Visual Studio Version 17
VisualStudioVersion = 17.7.34031.279
MinimumVisualStudioVersion = 10.0.40219.1
Project("{FAE04EC0-301F-11D3-BF4B-00C04F79EFBC}") = "Properties", "Properties\Properties.csproj", "{EFFDFE2B-4A30-42BD-8289-7919B543B51B}"
EndProject
Global
	GlobalSection(SolutionConfigurationPlatforms) = preSolution
		Debug|Any CPU = Debug|Any CPU
		Release|Any CPU = Release|Any CPU
	EndGlobalSection
	GlobalSection(ProjectConfigurationPlatforms) = postSolution
		{EFFDFE2B-4A30-42BD-8289-7919B543B51B}.Debug|Any CPU.ActiveCfg = Debug|Any CPU
		{EFFDFE2B-4A30-42BD-8289-7919B543B51B}.Debug|Any CPU.Build.0 = Debug|Any CPU
		{EFFDFE2B-4A30-42BD-8289-7919B543B51B}.Release|Any CPU.ActiveCfg = Release|Any CPU
		{EFFDFE2B-4A30-42BD-8289-7919B543B51B}.Release|Any CPU.Build.0 = Release|Any CPU
	EndGlobalSection
	GlobalSection(SolutionProperties) = preSolution
		HideSolutionNode = FALSE
	EndGlobalSection
	GlobalSection(ExtensibilityGlobals) = postSolution
		SolutionGuid = {EF947115-B804-41B7-BFBE-D47618907509}
	EndGlobalSection
EndGlobal
