
Microsoft Visual Studio Solution File, Format Version 12.00
# Visual Studio Version 17
VisualStudioVersion = 17.7.34031.279
MinimumVisualStudioVersion = 10.0.40219.1
Project("{FAE04EC0-301F-11D3-BF4B-00C04F79EFBC}") = "HW_6_JSON", "HW_6_JSON\HW_6_JSON.csproj", "{0BC92EAF-2A67-4EED-AD16-D1B416E03E8A}"
EndProject
Global
	GlobalSection(SolutionConfigurationPlatforms) = preSolution
		Debug|Any CPU = Debug|Any CPU
		Release|Any CPU = Release|Any CPU
	EndGlobalSection
	GlobalSection(ProjectConfigurationPlatforms) = postSolution
		{0BC92EAF-2A67-4EED-AD16-D1B416E03E8A}.Debug|Any CPU.ActiveCfg = Debug|Any CPU
		{0BC92EAF-2A67-4EED-AD16-D1B416E03E8A}.Debug|Any CPU.Build.0 = Debug|Any CPU
		{0BC92EAF-2A67-4EED-AD16-D1B416E03E8A}.Release|Any CPU.ActiveCfg = Release|Any CPU
		{0BC92EAF-2A67-4EED-AD16-D1B416E03E8A}.Release|Any CPU.Build.0 = Release|Any CPU
	EndGlobalSection
	GlobalSection(SolutionProperties) = preSolution
		HideSolutionNode = FALSE
	EndGlobalSection
	GlobalSection(ExtensibilityGlobals) = postSolution
		SolutionGuid = {86B451F8-FD2D-4651-8D0B-728076420286}
	EndGlobalSection
EndGlobal
